
Microsoft Visual Studio Solution File, Format Version 12.00
# Visual Studio Version 17
VisualStudioVersion = 17.1.32414.318
MinimumVisualStudioVersion = 10.0.40219.1
Project("{FAE04EC0-301F-11D3-BF4B-00C04F79EFBC}") = "WebApi", "WebApi\WebApi.csproj", "{AF008F3E-1CD5-4378-B92E-DD6EA760B7B1}"
EndProject
Global
	GlobalSection(SolutionConfigurationPlatforms) = preSolution
		Debug|Any CPU = Debug|Any CPU
		Release|Any CPU = Release|Any CPU
	EndGlobalSection
	GlobalSection(ProjectConfigurationPlatforms) = postSolution
		{AF008F3E-1CD5-4378-B92E-DD6EA760B7B1}.Debug|Any CPU.ActiveCfg = Debug|Any CPU
		{AF008F3E-1CD5-4378-B92E-DD6EA760B7B1}.Debug|Any CPU.Build.0 = Debug|Any CPU
		{AF008F3E-1CD5-4378-B92E-DD6EA760B7B1}.Release|Any CPU.ActiveCfg = Release|Any CPU
		{AF008F3E-1CD5-4378-B92E-DD6EA760B7B1}.Release|Any CPU.Build.0 = Release|Any CPU
	EndGlobalSection
	GlobalSection(SolutionProperties) = preSolution
		HideSolutionNode = FALSE
	EndGlobalSection
	GlobalSection(ExtensibilityGlobals) = postSolution
		SolutionGuid = {EF26CDA6-CEFF-4FB9-A0B8-F77C6B92984C}
	EndGlobalSection
EndGlobal
